// !$*UTF8*$!
{
	archiveVersion = 1;
	classes = {
	};
	objectVersion = 46;
	objects = {

/* Begin PBXBuildFile section */
		178C6FAE1E3A70C4006E0360 /* AppDelegate.swift in Sources */ = {isa = PBXBuildFile; fileRef = 178C6FAD1E3A70C4006E0360 /* AppDelegate.swift */; };
		178C6FB01E3A70C4006E0360 /* ViewController.swift in Sources */ = {isa = PBXBuildFile; fileRef = 178C6FAF1E3A70C4006E0360 /* ViewController.swift */; };
		178C6FB31E3A70C4006E0360 /* Main.storyboard in Resources */ = {isa = PBXBuildFile; fileRef = 178C6FB11E3A70C4006E0360 /* Main.storyboard */; };
		178C6FB51E3A70C4006E0360 /* Assets.xcassets in Resources */ = {isa = PBXBuildFile; fileRef = 178C6FB41E3A70C4006E0360 /* Assets.xcassets */; };
		178C6FB81E3A70C4006E0360 /* LaunchScreen.storyboard in Resources */ = {isa = PBXBuildFile; fileRef = 178C6FB61E3A70C4006E0360 /* LaunchScreen.storyboard */; };
/* End PBXBuildFile section */

/* Begin PBXFileReference section */
		178C6FAA1E3A70C4006E0360 /* CC-IOS.app */ = {isa = PBXFileReference; explicitFileType = wrapper.application; includeInIndex = 0; path = "CC-IOS.app"; sourceTree = BUILT_PRODUCTS_DIR; };
		178C6FAD1E3A70C4006E0360 /* AppDelegate.swift */ = {isa = PBXFileReference; lastKnownFileType = sourcecode.swift; path = AppDelegate.swift; sourceTree = "<group>"; };
		178C6FAF1E3A70C4006E0360 /* ViewController.swift */ = {isa = PBXFileReference; lastKnownFileType = sourcecode.swift; path = ViewController.swift; sourceTree = "<group>"; };
		178C6FB21E3A70C4006E0360 /* Base */ = {isa = PBXFileReference; lastKnownFileType = file.storyboard; name = Base; path = Base.lproj/Main.storyboard; sourceTree = "<group>"; };
		178C6FB41E3A70C4006E0360 /* Assets.xcassets */ = {isa = PBXFileReference; lastKnownFileType = folder.assetcatalog; path = Assets.xcassets; sourceTree = "<group>"; };
		178C6FB71E3A70C4006E0360 /* Base */ = {isa = PBXFileReference; lastKnownFileType = file.storyboard; name = Base; path = Base.lproj/LaunchScreen.storyboard; sourceTree = "<group>"; };
		178C6FB91E3A70C4006E0360 /* Info.plist */ = {isa = PBXFileReference; lastKnownFileType = text.plist.xml; path = Info.plist; sourceTree = "<group>"; };
/* End PBXFileReference section */

/* Begin PBXFrameworksBuildPhase section */
		178C6FA71E3A70C4006E0360 /* Frameworks */ = {
			isa = PBXFrameworksBuildPhase;
			buildActionMask = 2147483647;
			files = (
			);
			runOnlyForDeploymentPostprocessing = 0;
		};
/* End PBXFrameworksBuildPhase section */

/* Begin PBXGroup section */
		178C6FA11E3A70C4006E0360 = {
			isa = PBXGroup;
			children = (
				178C6FAC1E3A70C4006E0360 /* CC-IOS */,
				178C6FAB1E3A70C4006E0360 /* Products */,
			);
			sourceTree = "<group>";
		};
		178C6FAB1E3A70C4006E0360 /* Products */ = {
			isa = PBXGroup;
			children = (
				178C6FAA1E3A70C4006E0360 /* CC-IOS.app */,
			);
			name = Products;
			sourceTree = "<group>";
		};
		178C6FAC1E3A70C4006E0360 /* CC-IOS */ = {
			isa = PBXGroup;
			children = (
				178C6FAD1E3A70C4006E0360 /* AppDelegate.swift */,
				178C6FAF1E3A70C4006E0360 /* ViewController.swift */,
				178C6FB11E3A70C4006E0360 /* Main.storyboard */,
				178C6FB41E3A70C4006E0360 /* Assets.xcassets */,
				178C6FB61E3A70C4006E0360 /* LaunchScreen.storyboard */,
				178C6FB91E3A70C4006E0360 /* Info.plist */,
			);
			path = "CC-IOS";
			sourceTree = "<group>";
		};
/* End PBXGroup section */

/* Begin PBXNativeTarget section */
		178C6FA91E3A70C4006E0360 /* CC-IOS */ = {
			isa = PBXNativeTarget;
			buildConfigurationList = 178C6FBC1E3A70C4006E0360 /* Build configuration list for PBXNativeTarget "CC-IOS" */;
			buildPhases = (
				178C6FA61E3A70C4006E0360 /* Sources */,
				178C6FA71E3A70C4006E0360 /* Frameworks */,
				178C6FA81E3A70C4006E0360 /* Resources */,
			);
			buildRules = (
			);
			dependencies = (
			);
			name = "CC-IOS";
			productName = "CC-IOS";
			productReference = 178C6FAA1E3A70C4006E0360 /* CC-IOS.app */;
			productType = "com.apple.product-type.application";
		};
/* End PBXNativeTarget section */

/* Begin PBXProject section */
		178C6FA21E3A70C4006E0360 /* Project object */ = {
			isa = PBXProject;
			attributes = {
				LastSwiftUpdateCheck = 0810;
				LastUpgradeCheck = 0810;
				ORGANIZATIONNAME = "David Utt";
				TargetAttributes = {
					178C6FA91E3A70C4006E0360 = {
						CreatedOnToolsVersion = 8.1;
						ProvisioningStyle = Automatic;
					};
				};
			};
			buildConfigurationList = 178C6FA51E3A70C4006E0360 /* Build configuration list for PBXProject "CC-IOS" */;
			compatibilityVersion = "Xcode 3.2";
			developmentRegion = English;
			hasScannedForEncodings = 0;
			knownRegions = (
				en,
				Base,
			);
			mainGroup = 178C6FA11E3A70C4006E0360;
			productRefGroup = 178C6FAB1E3A70C4006E0360 /* Products */;
			projectDirPath = "";
			projectRoot = "";
			targets = (
				178C6FA91E3A70C4006E0360 /* CC-IOS */,
			);
		};
/* End PBXProject section */

/* Begin PBXResourcesBuildPhase section */
		178C6FA81E3A70C4006E0360 /* Resources */ = {
			isa = PBXResourcesBuildPhase;
			buildActionMask = 2147483647;
			files = (
				178C6FB81E3A70C4006E0360 /* LaunchScreen.storyboard in Resources */,
				178C6FB51E3A70C4006E0360 /* Assets.xcassets in Resources */,
				178C6FB31E3A70C4006E0360 /* Main.storyboard in Resources */,
			);
			runOnlyForDeploymentPostprocessing = 0;
		};
/* End PBXResourcesBuildPhase section */

/* Begin PBXSourcesBuildPhase section */
		178C6FA61E3A70C4006E0360 /* Sources */ = {
			isa = PBXSourcesBuildPhase;
			buildActionMask = 2147483647;
			files = (
				178C6FB01E3A70C4006E0360 /* ViewController.swift in Sources */,
				178C6FAE1E3A70C4006E0360 /* AppDelegate.swift in Sources */,
			);
			runOnlyForDeploymentPostprocessing = 0;
		};
/* End PBXSourcesBuildPhase section */

/* Begin PBXVariantGroup section */
		178C6FB11E3A70C4006E0360 /* Main.storyboard */ = {
			isa = PBXVariantGroup;
			children = (
				178C6FB21E3A70C4006E0360 /* Base */,
			);
			name = Main.storyboard;
			sourceTree = "<group>";
		};
		178C6FB61E3A70C4006E0360 /* LaunchScreen.storyboard */ = {
			isa = PBXVariantGroup;
			children = (
				178C6FB71E3A70C4006E0360 /* Base */,
			);
			name = LaunchScreen.storyboard;
			sourceTree = "<group>";
		};
/* End PBXVariantGroup section */

/* Begin XCBuildConfiguration section */
		178C6FBA1E3A70C4006E0360 /* Debug */ = {
			isa = XCBuildConfiguration;
			buildSettings = {
				ALWAYS_SEARCH_USER_PATHS = NO;
				CLANG_ANALYZER_NONNULL = YES;
				CLANG_CXX_LANGUAGE_STANDARD = "gnu++0x";
				CLANG_CXX_LIBRARY = "libc++";
				CLANG_ENABLE_MODULES = YES;
				CLANG_ENABLE_OBJC_ARC = YES;
				CLANG_WARN_BOOL_CONVERSION = YES;
				CLANG_WARN_CONSTANT_CONVERSION = YES;
				CLANG_WARN_DIRECT_OBJC_ISA_USAGE = YES_ERROR;
				CLANG_WARN_DOCUMENTATION_COMMENTS = YES;
				CLANG_WARN_EMPTY_BODY = YES;
				CLANG_WARN_ENUM_CONVERSION = YES;
				CLANG_WARN_INFINITE_RECURSION = YES;
				CLANG_WARN_INT_CONVERSION = YES;
				CLANG_WARN_OBJC_ROOT_CLASS = YES_ERROR;
				CLANG_WARN_SUSPICIOUS_MOVES = YES;
				CLANG_WARN_UNREACHABLE_CODE = YES;
				CLANG_WARN__DUPLICATE_METHOD_MATCH = YES;
				"CODE_SIGN_IDENTITY[sdk=iphoneos*]" = "iPhone Developer";
				COPY_PHASE_STRIP = NO;
				DEBUG_INFORMATION_FORMAT = dwarf;
				ENABLE_STRICT_OBJC_MSGSEND = YES;
				ENABLE_TESTABILITY = YES;
				GCC_C_LANGUAGE_STANDARD = gnu99;
				GCC_DYNAMIC_NO_PIC = NO;
				GCC_NO_COMMON_BLOCKS = YES;
				GCC_OPTIMIZATION_LEVEL = 0;
				GCC_PREPROCESSOR_DEFINITIONS = (
					"DEBUG=1",
					"$(inherited)",
				);
				GCC_WARN_64_TO_32_BIT_CONVERSION = YES;
				GCC_WARN_ABOUT_RETURN_TYPE = YES_ERROR;
				GCC_WARN_UNDECLARED_SELECTOR = YES;
				GCC_WARN_UNINITIALIZED_AUTOS = YES_AGGRESSIVE;
				GCC_WARN_UNUSED_FUNCTION = YES;
				GCC_WARN_UNUSED_VARIABLE = YES;
				IPHONEOS_DEPLOYMENT_TARGET = 10.1;
				MTL_ENABLE_DEBUG_INFO = YES;
				ONLY_ACTIVE_ARCH = YES;
				SDKROOT = iphoneos;
				SWIFT_ACTIVE_COMPILATION_CONDITIONS = DEBUG;
				SWIFT_OPTIMIZATION_LEVEL = "-Onone";
			};
			name = Debug;
		};
		178C6FBB1E3A70C4006E0360 /* Release */ = {
			isa = XCBuildConfiguration;
			buildSettings = {
				ALWAYS_SEARCH_USER_PATHS = NO;
				CLANG_ANALYZER_NONNULL = YES;
				CLANG_CXX_LANGUAGE_STANDARD = "gnu++0x";
				CLANG_CXX_LIBRARY = "libc++";
				CLANG_ENABLE_MODULES = YES;
				CLANG_ENABLE_OBJC_ARC = YES;
				CLANG_WARN_BOOL_CONVERSION = YES;
				CLANG_WARN_CONSTANT_CONVERSION = YES;
				CLANG_WARN_DIRECT_OBJC_ISA_USAGE = YES_ERROR;
				CLANG_WARN_DOCUMENTATION_COMMENTS = YES;
				CLANG_WARN_EMPTY_BODY = YES;
				CLANG_WARN_ENUM_CONVERSION = YES;
				CLANG_WARN_INFINITE_RECURSION = YES;
				CLANG_WARN_INT_CONVERSION = YES;
				CLANG_WARN_OBJC_ROOT_CLASS = YES_ERROR;
				CLANG_WARN_SUSPICIOUS_MOVES = YES;
				CLANG_WARN_UNREACHABLE_CODE = YES;
				CLANG_WARN__DUPLICATE_METHOD_MATCH = YES;
				"CODE_SIGN_IDENTITY[sdk=iphoneos*]" = "iPhone Developer";
				COPY_PHASE_STRIP = NO;
				DEBUG_INFORMATION_FORMAT = "dwarf-with-dsym";
				ENABLE_NS_ASSERTIONS = NO;
				ENABLE_STRICT_OBJC_MSGSEND = YES;
				GCC_C_LANGUAGE_STANDARD = gnu99;
				GCC_NO_COMMON_BLOCKS = YES;
				GCC_WARN_64_TO_32_BIT_CONVERSION = YES;
				GCC_WARN_ABOUT_RETURN_TYPE = YES_ERROR;
				GCC_WARN_UNDECLARED_SELECTOR = YES;
				GCC_WARN_UNINITIALIZED_AUTOS = YES_AGGRESSIVE;
				GCC_WARN_UNUSED_FUNCTION = YES;
				GCC_WARN_UNUSED_VARIABLE = YES;
				IPHONEOS_DEPLOYMENT_TARGET = 10.1;
				MTL_ENABLE_DEBUG_INFO = NO;
				SDKROOT = iphoneos;
				SWIFT_OPTIMIZATION_LEVEL = "-Owholemodule";
				VALIDATE_PRODUCT = YES;
			};
			name = Release;
		};
		178C6FBD1E3A70C4006E0360 /* Debug */ = {
			isa = XCBuildConfiguration;
			buildSettings = {
				ASSETCATALOG_COMPILER_APPICON_NAME = AppIcon;
				INFOPLIST_FILE = "CC-IOS/Info.plist";
				LD_RUNPATH_SEARCH_PATHS = "$(inherited) @executable_path/Frameworks";
				PRODUCT_BUNDLE_IDENTIFIER = "Parsons.CC-IOS";
				PRODUCT_NAME = "$(TARGET_NAME)";
				SWIFT_VERSION = 3.0;
			};
			name = Debug;
		};
		178C6FBE1E3A70C4006E0360 /* Release */ = {
			isa = XCBuildConfiguration;
			buildSettings = {
				ASSETCATALOG_COMPILER_APPICON_NAME = AppIcon;
				INFOPLIST_FILE = "CC-IOS/Info.plist";
				LD_RUNPATH_SEARCH_PATHS = "$(inherited) @executable_path/Frameworks";
				PRODUCT_BUNDLE_IDENTIFIER = "Parsons.CC-IOS";
				PRODUCT_NAME = "$(TARGET_NAME)";
				SWIFT_VERSION = 3.0;
			};
			name = Release;
		};
/* End XCBuildConfiguration section */

/* Begin XCConfigurationList section */
		178C6FA51E3A70C4006E0360 /* Build configuration list for PBXProject "CC-IOS" */ = {
			isa = XCConfigurationList;
			buildConfigurations = (
				178C6FBA1E3A70C4006E0360 /* Debug */,
				178C6FBB1E3A70C4006E0360 /* Release */,
			);
			defaultConfigurationIsVisible = 0;
			defaultConfigurationName = Release;
		};
		178C6FBC1E3A70C4006E0360 /* Build configuration list for PBXNativeTarget "CC-IOS" */ = {
			isa = XCConfigurationList;
			buildConfigurations = (
				178C6FBD1E3A70C4006E0360 /* Debug */,
				178C6FBE1E3A70C4006E0360 /* Release */,
			);
			defaultConfigurationIsVisible = 0;
		};
/* End XCConfigurationList section */
	};
	rootObject = 178C6FA21E3A70C4006E0360 /* Project object */;
}
